
Microsoft Visual Studio Solution File, Format Version 12.00
# Visual Studio Version 16
VisualStudioVersion = 16.0.30002.166
MinimumVisualStudioVersion = 10.0.40219.1
Project("{FAE04EC0-301F-11D3-BF4B-00C04F79EFBC}") = "Our.Umbraco.Queue", "Our.Umbraco.Queue\Our.Umbraco.Queue.csproj", "{CB56BD3F-8CE8-44A1-99AF-BAA6EBA02EE0}"
EndProject
Project("{FAE04EC0-301F-11D3-BF4B-00C04F79EFBC}") = "UmbracoQueue.Site", "UmbracoQueue.Site\UmbracoQueue.Site.csproj", "{74E607C5-E9B7-40CF-8CC8-ED92AED545AD}"
EndProject
Project("{2150E333-8FDC-42A3-9474-1A3956D46DE8}") = "Solution Items", "Solution Items", "{34DDED6F-ECE9-49EC-B152-7831209C6620}"
	ProjectSection(SolutionItems) = preProject
		gulpfile.js = gulpfile.js
	EndProjectSection
EndProject
Global
	GlobalSection(SolutionConfigurationPlatforms) = preSolution
		Debug|Any CPU = Debug|Any CPU
		Release|Any CPU = Release|Any CPU
	EndGlobalSection
	GlobalSection(ProjectConfigurationPlatforms) = postSolution
		{CB56BD3F-8CE8-44A1-99AF-BAA6EBA02EE0}.Debug|Any CPU.ActiveCfg = Debug|Any CPU
		{CB56BD3F-8CE8-44A1-99AF-BAA6EBA02EE0}.Debug|Any CPU.Build.0 = Debug|Any CPU
		{CB56BD3F-8CE8-44A1-99AF-BAA6EBA02EE0}.Release|Any CPU.ActiveCfg = Release|Any CPU
		{CB56BD3F-8CE8-44A1-99AF-BAA6EBA02EE0}.Release|Any CPU.Build.0 = Release|Any CPU
		{74E607C5-E9B7-40CF-8CC8-ED92AED545AD}.Debug|Any CPU.ActiveCfg = Debug|Any CPU
		{74E607C5-E9B7-40CF-8CC8-ED92AED545AD}.Debug|Any CPU.Build.0 = Debug|Any CPU
		{74E607C5-E9B7-40CF-8CC8-ED92AED545AD}.Release|Any CPU.ActiveCfg = Release|Any CPU
		{74E607C5-E9B7-40CF-8CC8-ED92AED545AD}.Release|Any CPU.Build.0 = Release|Any CPU
	EndGlobalSection
	GlobalSection(SolutionProperties) = preSolution
		HideSolutionNode = FALSE
	EndGlobalSection
	GlobalSection(ExtensibilityGlobals) = postSolution
		SolutionGuid = {44711BF3-3E0C-4443-8AEB-A2733204C318}
	EndGlobalSection
EndGlobal
